
Microsoft Visual Studio Solution File, Format Version 12.00
# Visual Studio Version 17
VisualStudioVersion = 17.5.33627.172
MinimumVisualStudioVersion = 10.0.40219.1
Project("{9A19103F-16F7-4668-BE54-9A1E7A4F7556}") = "Militaria.WPF", "Militaria.WPF\Militaria.WPF.csproj", "{AF6E3FD4-49E3-48BC-BB14-3C6D557391E5}"
EndProject
Project("{9A19103F-16F7-4668-BE54-9A1E7A4F7556}") = "Militaria.Gus", "Militaria.Gus\Militaria.Gus.csproj", "{0DB2B41B-E799-4FA9-8686-08E541F088E6}"
EndProject
Project("{9A19103F-16F7-4668-BE54-9A1E7A4F7556}") = "Militaria.RabbitMQ.ProducerApp", "Militaria.RabbitMQ.Producer\Militaria.RabbitMQ.ProducerApp.csproj", "{2E8BEDC8-732E-4454-A48D-75D672EDCDDE}"
EndProject
Project("{FAE04EC0-301F-11D3-BF4B-00C04F79EFBC}") = "Militaria.RabbitMQ.OdbieranieWiadomosciZkolejki", "Militaria.RabbitMQ.OdbieranieWiadomosciZkolejki\Militaria.RabbitMQ.OdbieranieWiadomosciZkolejki.csproj", "{EE5B6A8C-629A-493C-A84D-0C3EAE65D810}"
EndProject
Project("{FAE04EC0-301F-11D3-BF4B-00C04F79EFBC}") = "Militaria.RabbitMQ", "Militaria.RabbitMQ\Militaria.RabbitMQ.csproj", "{7C7AF830-5D07-44E2-A2BA-F1156AC542A5}"
EndProject
Global
	GlobalSection(SolutionConfigurationPlatforms) = preSolution
		Debug|Any CPU = Debug|Any CPU
		Release|Any CPU = Release|Any CPU
	EndGlobalSection
	GlobalSection(ProjectConfigurationPlatforms) = postSolution
		{AF6E3FD4-49E3-48BC-BB14-3C6D557391E5}.Debug|Any CPU.ActiveCfg = Debug|Any CPU
		{AF6E3FD4-49E3-48BC-BB14-3C6D557391E5}.Debug|Any CPU.Build.0 = Debug|Any CPU
		{AF6E3FD4-49E3-48BC-BB14-3C6D557391E5}.Release|Any CPU.ActiveCfg = Release|Any CPU
		{AF6E3FD4-49E3-48BC-BB14-3C6D557391E5}.Release|Any CPU.Build.0 = Release|Any CPU
		{0DB2B41B-E799-4FA9-8686-08E541F088E6}.Debug|Any CPU.ActiveCfg = Debug|Any CPU
		{0DB2B41B-E799-4FA9-8686-08E541F088E6}.Debug|Any CPU.Build.0 = Debug|Any CPU
		{0DB2B41B-E799-4FA9-8686-08E541F088E6}.Release|Any CPU.ActiveCfg = Release|Any CPU
		{0DB2B41B-E799-4FA9-8686-08E541F088E6}.Release|Any CPU.Build.0 = Release|Any CPU
		{2E8BEDC8-732E-4454-A48D-75D672EDCDDE}.Debug|Any CPU.ActiveCfg = Debug|Any CPU
		{2E8BEDC8-732E-4454-A48D-75D672EDCDDE}.Debug|Any CPU.Build.0 = Debug|Any CPU
		{2E8BEDC8-732E-4454-A48D-75D672EDCDDE}.Release|Any CPU.ActiveCfg = Release|Any CPU
		{2E8BEDC8-732E-4454-A48D-75D672EDCDDE}.Release|Any CPU.Build.0 = Release|Any CPU
		{EE5B6A8C-629A-493C-A84D-0C3EAE65D810}.Debug|Any CPU.ActiveCfg = Debug|Any CPU
		{EE5B6A8C-629A-493C-A84D-0C3EAE65D810}.Debug|Any CPU.Build.0 = Debug|Any CPU
		{EE5B6A8C-629A-493C-A84D-0C3EAE65D810}.Release|Any CPU.ActiveCfg = Release|Any CPU
		{EE5B6A8C-629A-493C-A84D-0C3EAE65D810}.Release|Any CPU.Build.0 = Release|Any CPU
		{7C7AF830-5D07-44E2-A2BA-F1156AC542A5}.Debug|Any CPU.ActiveCfg = Debug|Any CPU
		{7C7AF830-5D07-44E2-A2BA-F1156AC542A5}.Debug|Any CPU.Build.0 = Debug|Any CPU
		{7C7AF830-5D07-44E2-A2BA-F1156AC542A5}.Release|Any CPU.ActiveCfg = Release|Any CPU
		{7C7AF830-5D07-44E2-A2BA-F1156AC542A5}.Release|Any CPU.Build.0 = Release|Any CPU
	EndGlobalSection
	GlobalSection(SolutionProperties) = preSolution
		HideSolutionNode = FALSE
	EndGlobalSection
	GlobalSection(ExtensibilityGlobals) = postSolution
		SolutionGuid = {35B6C7AC-398A-4945-939A-470075073ECC}
	EndGlobalSection
EndGlobal
